
Microsoft Visual Studio Solution File, Format Version 12.00
# Visual Studio Version 16
VisualStudioVersion = 16.0.32428.217
MinimumVisualStudioVersion = 10.0.40219.1
Project("{FAE04EC0-301F-11D3-BF4B-00C04F79EFBC}") = "RouteTest", "RouteTest\RouteTest.csproj", "{3FCE5AB3-25F4-46B6-AE35-89A0EC2CD77C}"
EndProject
Global
	GlobalSection(SolutionConfigurationPlatforms) = preSolution
		Debug|Any CPU = Debug|Any CPU
		Release|Any CPU = Release|Any CPU
	EndGlobalSection
	GlobalSection(ProjectConfigurationPlatforms) = postSolution
		{3FCE5AB3-25F4-46B6-AE35-89A0EC2CD77C}.Debug|Any CPU.ActiveCfg = Debug|Any CPU
		{3FCE5AB3-25F4-46B6-AE35-89A0EC2CD77C}.Debug|Any CPU.Build.0 = Debug|Any CPU
		{3FCE5AB3-25F4-46B6-AE35-89A0EC2CD77C}.Release|Any CPU.ActiveCfg = Release|Any CPU
		{3FCE5AB3-25F4-46B6-AE35-89A0EC2CD77C}.Release|Any CPU.Build.0 = Release|Any CPU
	EndGlobalSection
	GlobalSection(SolutionProperties) = preSolution
		HideSolutionNode = FALSE
	EndGlobalSection
	GlobalSection(ExtensibilityGlobals) = postSolution
		SolutionGuid = {867A420F-16A2-4096-B31D-727B730B4820}
	EndGlobalSection
EndGlobal
